// !$*UTF8*$!
{
	archiveVersion = 1;
	classes = {
	};
	objectVersion = 77;
	objects = {

/* Begin PBXContainerItemProxy section */
		3FDFB4812E84FFE400968610 /* PBXContainerItemProxy */ = {
			isa = PBXContainerItemProxy;
			containerPortal = 3FDFB46B2E84FFE300968610 /* Project object */;
			proxyType = 1;
			remoteGlobalIDString = 3FDFB4722E84FFE300968610;
			remoteInfo = W03_Practice;
		};
		3FDFB48B2E84FFE400968610 /* PBXContainerItemProxy */ = {
			isa = PBXContainerItemProxy;
			containerPortal = 3FDFB46B2E84FFE300968610 /* Project object */;
			proxyType = 1;
			remoteGlobalIDString = 3FDFB4722E84FFE300968610;
			remoteInfo = W03_Practice;
		};
/* End PBXContainerItemProxy section */

/* Begin PBXFileReference section */
		3FDFB4732E84FFE300968610 /* W03_Practice.app */ = {isa = PBXFileReference; explicitFileType = wrapper.application; includeInIndex = 0; path = W03_Practice.app; sourceTree = BUILT_PRODUCTS_DIR; };
		3FDFB4802E84FFE400968610 /* W03_PracticeTests.xctest */ = {isa = PBXFileReference; explicitFileType = wrapper.cfbundle; includeInIndex = 0; path = W03_PracticeTests.xctest; sourceTree = BUILT_PRODUCTS_DIR; };
		3FDFB48A2E84FFE400968610 /* W03_PracticeUITests.xctest */ = {isa = PBXFileReference; explicitFileType = wrapper.cfbundle; includeInIndex = 0; path = W03_PracticeUITests.xctest; sourceTree = BUILT_PRODUCTS_DIR; };
/* End PBXFileReference section */

/* Begin PBXFileSystemSynchronizedRootGroup section */
		3FDFB4752E84FFE300968610 /* W03_Practice */ = {
			isa = PBXFileSystemSynchronizedRootGroup;
			path = W03_Practice;
			sourceTree = "<group>";
		};
		3FDFB4832E84FFE400968610 /* W03_PracticeTests */ = {
			isa = PBXFileSystemSynchronizedRootGroup;
			path = W03_PracticeTests;
			sourceTree = "<group>";
		};
		3FDFB48D2E84FFE400968610 /* W03_PracticeUITests */ = {
			isa = PBXFileSystemSynchronizedRootGroup;
			path = W03_PracticeUITests;
			sourceTree = "<group>";
		};
/* End PBXFileSystemSynchronizedRootGroup section */

/* Begin PBXFrameworksBuildPhase section */
		3FDFB4702E84FFE300968610 /* Frameworks */ = {
			isa = PBXFrameworksBuildPhase;
			buildActionMask = 2147483647;
			files = (
			);
			runOnlyForDeploymentPostprocessing = 0;
		};
		3FDFB47D2E84FFE400968610 /* Frameworks */ = {
			isa = PBXFrameworksBuildPhase;
			buildActionMask = 2147483647;
			files = (
			);
			runOnlyForDeploymentPostprocessing = 0;
		};
		3FDFB4872E84FFE400968610 /* Frameworks */ = {
			isa = PBXFrameworksBuildPhase;
			buildActionMask = 2147483647;
			files = (
			);
			runOnlyForDeploymentPostprocessing = 0;
		};
/* End PBXFrameworksBuildPhase section */

/* Begin PBXGroup section */
		3FDFB46A2E84FFE300968610 = {
			isa = PBXGroup;
			children = (
				3FDFB4752E84FFE300968610 /* W03_Practice */,
				3FDFB4832E84FFE400968610 /* W03_PracticeTests */,
				3FDFB48D2E84FFE400968610 /* W03_PracticeUITests */,
				3FDFB4742E84FFE300968610 /* Products */,
			);
			sourceTree = "<group>";
		};
		3FDFB4742E84FFE300968610 /* Products */ = {
			isa = PBXGroup;
			children = (
				3FDFB4732E84FFE300968610 /* W03_Practice.app */,
				3FDFB4802E84FFE400968610 /* W03_PracticeTests.xctest */,
				3FDFB48A2E84FFE400968610 /* W03_PracticeUITests.xctest */,
			);
			name = Products;
			sourceTree = "<group>";
		};
/* End PBXGroup section */

/* Begin PBXNativeTarget section */
		3FDFB4722E84FFE300968610 /* W03_Practice */ = {
			isa = PBXNativeTarget;
			buildConfigurationList = 3FDFB4942E84FFE400968610 /* Build configuration list for PBXNativeTarget "W03_Practice" */;
			buildPhases = (
				3FDFB46F2E84FFE300968610 /* Sources */,
				3FDFB4702E84FFE300968610 /* Frameworks */,
				3FDFB4712E84FFE300968610 /* Resources */,
			);
			buildRules = (
			);
			dependencies = (
			);
			fileSystemSynchronizedGroups = (
				3FDFB4752E84FFE300968610 /* W03_Practice */,
			);
			name = W03_Practice;
			packageProductDependencies = (
			);
			productName = W03_Practice;
			productReference = 3FDFB4732E84FFE300968610 /* W03_Practice.app */;
			productType = "com.apple.product-type.application";
		};
		3FDFB47F2E84FFE400968610 /* W03_PracticeTests */ = {
			isa = PBXNativeTarget;
			buildConfigurationList = 3FDFB4972E84FFE400968610 /* Build configuration list for PBXNativeTarget "W03_PracticeTests" */;
			buildPhases = (
				3FDFB47C2E84FFE400968610 /* Sources */,
				3FDFB47D2E84FFE400968610 /* Frameworks */,
				3FDFB47E2E84FFE400968610 /* Resources */,
			);
			buildRules = (
			);
			dependencies = (
				3FDFB4822E84FFE400968610 /* PBXTargetDependency */,
			);
			fileSystemSynchronizedGroups = (
				3FDFB4832E84FFE400968610 /* W03_PracticeTests */,
			);
			name = W03_PracticeTests;
			packageProductDependencies = (
			);
			productName = W03_PracticeTests;
			productReference = 3FDFB4802E84FFE400968610 /* W03_PracticeTests.xctest */;
			productType = "com.apple.product-type.bundle.unit-test";
		};
		3FDFB4892E84FFE400968610 /* W03_PracticeUITests */ = {
			isa = PBXNativeTarget;
			buildConfigurationList = 3FDFB49A2E84FFE400968610 /* Build configuration list for PBXNativeTarget "W03_PracticeUITests" */;
			buildPhases = (
				3FDFB4862E84FFE400968610 /* Sources */,
				3FDFB4872E84FFE400968610 /* Frameworks */,
				3FDFB4882E84FFE400968610 /* Resources */,
			);
			buildRules = (
			);
			dependencies = (
				3FDFB48C2E84FFE400968610 /* PBXTargetDependency */,
			);
			fileSystemSynchronizedGroups = (
				3FDFB48D2E84FFE400968610 /* W03_PracticeUITests */,
			);
			name = W03_PracticeUITests;
			packageProductDependencies = (
			);
			productName = W03_PracticeUITests;
			productReference = 3FDFB48A2E84FFE400968610 /* W03_PracticeUITests.xctest */;
			productType = "com.apple.product-type.bundle.ui-testing";
		};
/* End PBXNativeTarget section */

/* Begin PBXProject section */
		3FDFB46B2E84FFE300968610 /* Project object */ = {
			isa = PBXProject;
			attributes = {
				BuildIndependentTargetsInParallel = 1;
				LastSwiftUpdateCheck = 1640;
				LastUpgradeCheck = 1640;
				TargetAttributes = {
					3FDFB4722E84FFE300968610 = {
						CreatedOnToolsVersion = 16.4;
					};
					3FDFB47F2E84FFE400968610 = {
						CreatedOnToolsVersion = 16.4;
						TestTargetID = 3FDFB4722E84FFE300968610;
					};
					3FDFB4892E84FFE400968610 = {
						CreatedOnToolsVersion = 16.4;
						TestTargetID = 3FDFB4722E84FFE300968610;
					};
				};
			};
			buildConfigurationList = 3FDFB46E2E84FFE300968610 /* Build configuration list for PBXProject "W03_Practice" */;
			developmentRegion = en;
			hasScannedForEncodings = 0;
			knownRegions = (
				en,
				Base,
			);
			mainGroup = 3FDFB46A2E84FFE300968610;
			minimizedProjectReferenceProxies = 1;
			preferredProjectObjectVersion = 77;
			productRefGroup = 3FDFB4742E84FFE300968610 /* Products */;
			projectDirPath = "";
			projectRoot = "";
			targets = (
				3FDFB4722E84FFE300968610 /* W03_Practice */,
				3FDFB47F2E84FFE400968610 /* W03_PracticeTests */,
				3FDFB4892E84FFE400968610 /* W03_PracticeUITests */,
			);
		};
/* End PBXProject section */

/* Begin PBXResourcesBuildPhase section */
		3FDFB4712E84FFE300968610 /* Resources */ = {
			isa = PBXResourcesBuildPhase;
			buildActionMask = 2147483647;
			files = (
			);
			runOnlyForDeploymentPostprocessing = 0;
		};
		3FDFB47E2E84FFE400968610 /* Resources */ = {
			isa = PBXResourcesBuildPhase;
			buildActionMask = 2147483647;
			files = (
			);
			runOnlyForDeploymentPostprocessing = 0;
		};
		3FDFB4882E84FFE400968610 /* Resources */ = {
			isa = PBXResourcesBuildPhase;
			buildActionMask = 2147483647;
			files = (
			);
			runOnlyForDeploymentPostprocessing = 0;
		};
/* End PBXResourcesBuildPhase section */

/* Begin PBXSourcesBuildPhase section */
		3FDFB46F2E84FFE300968610 /* Sources */ = {
			isa = PBXSourcesBuildPhase;
			buildActionMask = 2147483647;
			files = (
			);
			runOnlyForDeploymentPostprocessing = 0;
		};
		3FDFB47C2E84FFE400968610 /* Sources */ = {
			isa = PBXSourcesBuildPhase;
			buildActionMask = 2147483647;
			files = (
			);
			runOnlyForDeploymentPostprocessing = 0;
		};
		3FDFB4862E84FFE400968610 /* Sources */ = {
			isa = PBXSourcesBuildPhase;
			buildActionMask = 2147483647;
			files = (
			);
			runOnlyForDeploymentPostprocessing = 0;
		};
/* End PBXSourcesBuildPhase section */

/* Begin PBXTargetDependency section */
		3FDFB4822E84FFE400968610 /* PBXTargetDependency */ = {
			isa = PBXTargetDependency;
			target = 3FDFB4722E84FFE300968610 /* W03_Practice */;
			targetProxy = 3FDFB4812E84FFE400968610 /* PBXContainerItemProxy */;
		};
		3FDFB48C2E84FFE400968610 /* PBXTargetDependency */ = {
			isa = PBXTargetDependency;
			target = 3FDFB4722E84FFE300968610 /* W03_Practice */;
			targetProxy = 3FDFB48B2E84FFE400968610 /* PBXContainerItemProxy */;
		};
/* End PBXTargetDependency section */

/* Begin XCBuildConfiguration section */
		3FDFB4922E84FFE400968610 /* Debug */ = {
			isa = XCBuildConfiguration;
			buildSettings = {
				ALWAYS_SEARCH_USER_PATHS = NO;
				ASSETCATALOG_COMPILER_GENERATE_SWIFT_ASSET_SYMBOL_EXTENSIONS = YES;
				CLANG_ANALYZER_NONNULL = YES;
				CLANG_ANALYZER_NUMBER_OBJECT_CONVERSION = YES_AGGRESSIVE;
				CLANG_CXX_LANGUAGE_STANDARD = "gnu++20";
				CLANG_ENABLE_MODULES = YES;
				CLANG_ENABLE_OBJC_ARC = YES;
				CLANG_ENABLE_OBJC_WEAK = YES;
				CLANG_WARN_BLOCK_CAPTURE_AUTORELEASING = YES;
				CLANG_WARN_BOOL_CONVERSION = YES;
				CLANG_WARN_COMMA = YES;
				CLANG_WARN_CONSTANT_CONVERSION = YES;
				CLANG_WARN_DEPRECATED_OBJC_IMPLEMENTATIONS = YES;
				CLANG_WARN_DIRECT_OBJC_ISA_USAGE = YES_ERROR;
				CLANG_WARN_DOCUMENTATION_COMMENTS = YES;
				CLANG_WARN_EMPTY_BODY = YES;
				CLANG_WARN_ENUM_CONVERSION = YES;
				CLANG_WARN_INFINITE_RECURSION = YES;
				CLANG_WARN_INT_CONVERSION = YES;
				CLANG_WARN_NON_LITERAL_NULL_CONVERSION = YES;
				CLANG_WARN_OBJC_IMPLICIT_RETAIN_SELF = YES;
				CLANG_WARN_OBJC_LITERAL_CONVERSION = YES;
				CLANG_WARN_OBJC_ROOT_CLASS = YES_ERROR;
				CLANG_WARN_QUOTED_INCLUDE_IN_FRAMEWORK_HEADER = YES;
				CLANG_WARN_RANGE_LOOP_ANALYSIS = YES;
				CLANG_WARN_STRICT_PROTOTYPES = YES;
				CLANG_WARN_SUSPICIOUS_MOVE = YES;
				CLANG_WARN_UNGUARDED_AVAILABILITY = YES_AGGRESSIVE;
				CLANG_WARN_UNREACHABLE_CODE = YES;
				CLANG_WARN__DUPLICATE_METHOD_MATCH = YES;
				COPY_PHASE_STRIP = NO;
				DEBUG_INFORMATION_FORMAT = dwarf;
				ENABLE_STRICT_OBJC_MSGSEND = YES;
				ENABLE_TESTABILITY = YES;
				ENABLE_USER_SCRIPT_SANDBOXING = YES;
				GCC_C_LANGUAGE_STANDARD = gnu17;
				GCC_DYNAMIC_NO_PIC = NO;
				GCC_NO_COMMON_BLOCKS = YES;
				GCC_OPTIMIZATION_LEVEL = 0;
				GCC_PREPROCESSOR_DEFINITIONS = (
					"DEBUG=1",
					"$(inherited)",
				);
				GCC_WARN_64_TO_32_BIT_CONVERSION = YES;
				GCC_WARN_ABOUT_RETURN_TYPE = YES_ERROR;
				GCC_WARN_UNDECLARED_SELECTOR = YES;
				GCC_WARN_UNINITIALIZED_AUTOS = YES_AGGRESSIVE;
				GCC_WARN_UNUSED_FUNCTION = YES;
				GCC_WARN_UNUSED_VARIABLE = YES;
				IPHONEOS_DEPLOYMENT_TARGET = 18.5;
				LOCALIZATION_PREFERS_STRING_CATALOGS = YES;
				MTL_ENABLE_DEBUG_INFO = INCLUDE_SOURCE;
				MTL_FAST_MATH = YES;
				ONLY_ACTIVE_ARCH = YES;
				SDKROOT = iphoneos;
				SWIFT_ACTIVE_COMPILATION_CONDITIONS = "DEBUG $(inherited)";
				SWIFT_OPTIMIZATION_LEVEL = "-Onone";
			};
			name = Debug;
		};
		3FDFB4932E84FFE400968610 /* Release */ = {
			isa = XCBuildConfiguration;
			buildSettings = {
				ALWAYS_SEARCH_USER_PATHS = NO;
				ASSETCATALOG_COMPILER_GENERATE_SWIFT_ASSET_SYMBOL_EXTENSIONS = YES;
				CLANG_ANALYZER_NONNULL = YES;
				CLANG_ANALYZER_NUMBER_OBJECT_CONVERSION = YES_AGGRESSIVE;
				CLANG_CXX_LANGUAGE_STANDARD = "gnu++20";
				CLANG_ENABLE_MODULES = YES;
				CLANG_ENABLE_OBJC_ARC = YES;
				CLANG_ENABLE_OBJC_WEAK = YES;
				CLANG_WARN_BLOCK_CAPTURE_AUTORELEASING = YES;
				CLANG_WARN_BOOL_CONVERSION = YES;
				CLANG_WARN_COMMA = YES;
				CLANG_WARN_CONSTANT_CONVERSION = YES;
				CLANG_WARN_DEPRECATED_OBJC_IMPLEMENTATIONS = YES;
				CLANG_WARN_DIRECT_OBJC_ISA_USAGE = YES_ERROR;
				CLANG_WARN_DOCUMENTATION_COMMENTS = YES;
				CLANG_WARN_EMPTY_BODY = YES;
				CLANG_WARN_ENUM_CONVERSION = YES;
				CLANG_WARN_INFINITE_RECURSION = YES;
				CLANG_WARN_INT_CONVERSION = YES;
				CLANG_WARN_NON_LITERAL_NULL_CONVERSION = YES;
				CLANG_WARN_OBJC_IMPLICIT_RETAIN_SELF = YES;
				CLANG_WARN_OBJC_LITERAL_CONVERSION = YES;
				CLANG_WARN_OBJC_ROOT_CLASS = YES_ERROR;
				CLANG_WARN_QUOTED_INCLUDE_IN_FRAMEWORK_HEADER = YES;
				CLANG_WARN_RANGE_LOOP_ANALYSIS = YES;
				CLANG_WARN_STRICT_PROTOTYPES = YES;
				CLANG_WARN_SUSPICIOUS_MOVE = YES;
				CLANG_WARN_UNGUARDED_AVAILABILITY = YES_AGGRESSIVE;
				CLANG_WARN_UNREACHABLE_CODE = YES;
				CLANG_WARN__DUPLICATE_METHOD_MATCH = YES;
				COPY_PHASE_STRIP = NO;
				DEBUG_INFORMATION_FORMAT = "dwarf-with-dsym";
				ENABLE_NS_ASSERTIONS = NO;
				ENABLE_STRICT_OBJC_MSGSEND = YES;
				ENABLE_USER_SCRIPT_SANDBOXING = YES;
				GCC_C_LANGUAGE_STANDARD = gnu17;
				GCC_NO_COMMON_BLOCKS = YES;
				GCC_WARN_64_TO_32_BIT_CONVERSION = YES;
				GCC_WARN_ABOUT_RETURN_TYPE = YES_ERROR;
				GCC_WARN_UNDECLARED_SELECTOR = YES;
				GCC_WARN_UNINITIALIZED_AUTOS = YES_AGGRESSIVE;
				GCC_WARN_UNUSED_FUNCTION = YES;
				GCC_WARN_UNUSED_VARIABLE = YES;
				IPHONEOS_DEPLOYMENT_TARGET = 18.5;
				LOCALIZATION_PREFERS_STRING_CATALOGS = YES;
				MTL_ENABLE_DEBUG_INFO = NO;
				MTL_FAST_MATH = YES;
				SDKROOT = iphoneos;
				SWIFT_COMPILATION_MODE = wholemodule;
				VALIDATE_PRODUCT = YES;
			};
			name = Release;
		};
		3FDFB4952E84FFE400968610 /* Debug */ = {
			isa = XCBuildConfiguration;
			buildSettings = {
				ASSETCATALOG_COMPILER_APPICON_NAME = AppIcon;
				ASSETCATALOG_COMPILER_GLOBAL_ACCENT_COLOR_NAME = AccentColor;
				CODE_SIGN_STYLE = Automatic;
				CURRENT_PROJECT_VERSION = 1;
				ENABLE_PREVIEWS = YES;
				GENERATE_INFOPLIST_FILE = YES;
				INFOPLIST_KEY_UIApplicationSceneManifest_Generation = YES;
				INFOPLIST_KEY_UIApplicationSupportsIndirectInputEvents = YES;
				INFOPLIST_KEY_UILaunchScreen_Generation = YES;
				INFOPLIST_KEY_UISupportedInterfaceOrientations_iPad = "UIInterfaceOrientationPortrait UIInterfaceOrientationPortraitUpsideDown UIInterfaceOrientationLandscapeLeft UIInterfaceOrientationLandscapeRight";
				INFOPLIST_KEY_UISupportedInterfaceOrientations_iPhone = "UIInterfaceOrientationPortrait UIInterfaceOrientationLandscapeLeft UIInterfaceOrientationLandscapeRight";
				LD_RUNPATH_SEARCH_PATHS = (
					"$(inherited)",
					"@executable_path/Frameworks",
				);
				MARKETING_VERSION = 1.0;
				PRODUCT_BUNDLE_IDENTIFIER = "UC.W03-Practice";
				PRODUCT_NAME = "$(TARGET_NAME)";
				SWIFT_EMIT_LOC_STRINGS = YES;
				SWIFT_VERSION = 5.0;
				TARGETED_DEVICE_FAMILY = "1,2";
			};
			name = Debug;
		};
		3FDFB4962E84FFE400968610 /* Release */ = {
			isa = XCBuildConfiguration;
			buildSettings = {
				ASSETCATALOG_COMPILER_APPICON_NAME = AppIcon;
				ASSETCATALOG_COMPILER_GLOBAL_ACCENT_COLOR_NAME = AccentColor;
				CODE_SIGN_STYLE = Automatic;
				CURRENT_PROJECT_VERSION = 1;
				ENABLE_PREVIEWS = YES;
				GENERATE_INFOPLIST_FILE = YES;
				INFOPLIST_KEY_UIApplicationSceneManifest_Generation = YES;
				INFOPLIST_KEY_UIApplicationSupportsIndirectInputEvents = YES;
				INFOPLIST_KEY_UILaunchScreen_Generation = YES;
				INFOPLIST_KEY_UISupportedInterfaceOrientations_iPad = "UIInterfaceOrientationPortrait UIInterfaceOrientationPortraitUpsideDown UIInterfaceOrientationLandscapeLeft UIInterfaceOrientationLandscapeRight";
				INFOPLIST_KEY_UISupportedInterfaceOrientations_iPhone = "UIInterfaceOrientationPortrait UIInterfaceOrientationLandscapeLeft UIInterfaceOrientationLandscapeRight";
				LD_RUNPATH_SEARCH_PATHS = (
					"$(inherited)",
					"@executable_path/Frameworks",
				);
				MARKETING_VERSION = 1.0;
				PRODUCT_BUNDLE_IDENTIFIER = "UC.W03-Practice";
				PRODUCT_NAME = "$(TARGET_NAME)";
				SWIFT_EMIT_LOC_STRINGS = YES;
				SWIFT_VERSION = 5.0;
				TARGETED_DEVICE_FAMILY = "1,2";
			};
			name = Release;
		};
		3FDFB4982E84FFE400968610 /* Debug */ = {
			isa = XCBuildConfiguration;
			buildSettings = {
				BUNDLE_LOADER = "$(TEST_HOST)";
				CODE_SIGN_STYLE = Automatic;
				CURRENT_PROJECT_VERSION = 1;
				GENERATE_INFOPLIST_FILE = YES;
				IPHONEOS_DEPLOYMENT_TARGET = 18.5;
				MARKETING_VERSION = 1.0;
				PRODUCT_BUNDLE_IDENTIFIER = "UC.W03-PracticeTests";
				PRODUCT_NAME = "$(TARGET_NAME)";
				SWIFT_EMIT_LOC_STRINGS = NO;
				SWIFT_VERSION = 5.0;
				TARGETED_DEVICE_FAMILY = "1,2";
				TEST_HOST = "$(BUILT_PRODUCTS_DIR)/W03_Practice.app/$(BUNDLE_EXECUTABLE_FOLDER_PATH)/W03_Practice";
			};
			name = Debug;
		};
		3FDFB4992E84FFE400968610 /* Release */ = {
			isa = XCBuildConfiguration;
			buildSettings = {
				BUNDLE_LOADER = "$(TEST_HOST)";
				CODE_SIGN_STYLE = Automatic;
				CURRENT_PROJECT_VERSION = 1;
				GENERATE_INFOPLIST_FILE = YES;
				IPHONEOS_DEPLOYMENT_TARGET = 18.5;
				MARKETING_VERSION = 1.0;
				PRODUCT_BUNDLE_IDENTIFIER = "UC.W03-PracticeTests";
				PRODUCT_NAME = "$(TARGET_NAME)";
				SWIFT_EMIT_LOC_STRINGS = NO;
				SWIFT_VERSION = 5.0;
				TARGETED_DEVICE_FAMILY = "1,2";
				TEST_HOST = "$(BUILT_PRODUCTS_DIR)/W03_Practice.app/$(BUNDLE_EXECUTABLE_FOLDER_PATH)/W03_Practice";
			};
			name = Release;
		};
		3FDFB49B2E84FFE400968610 /* Debug */ = {
			isa = XCBuildConfiguration;
			buildSettings = {
				CODE_SIGN_STYLE = Automatic;
				CURRENT_PROJECT_VERSION = 1;
				GENERATE_INFOPLIST_FILE = YES;
				MARKETING_VERSION = 1.0;
				PRODUCT_BUNDLE_IDENTIFIER = "UC.W03-PracticeUITests";
				PRODUCT_NAME = "$(TARGET_NAME)";
				SWIFT_EMIT_LOC_STRINGS = NO;
				SWIFT_VERSION = 5.0;
				TARGETED_DEVICE_FAMILY = "1,2";
				TEST_TARGET_NAME = W03_Practice;
			};
			name = Debug;
		};
		3FDFB49C2E84FFE400968610 /* Release */ = {
			isa = XCBuildConfiguration;
			buildSettings = {
				CODE_SIGN_STYLE = Automatic;
				CURRENT_PROJECT_VERSION = 1;
				GENERATE_INFOPLIST_FILE = YES;
				MARKETING_VERSION = 1.0;
				PRODUCT_BUNDLE_IDENTIFIER = "UC.W03-PracticeUITests";
				PRODUCT_NAME = "$(TARGET_NAME)";
				SWIFT_EMIT_LOC_STRINGS = NO;
				SWIFT_VERSION = 5.0;
				TARGETED_DEVICE_FAMILY = "1,2";
				TEST_TARGET_NAME = W03_Practice;
			};
			name = Release;
		};
/* End XCBuildConfiguration section */

/* Begin XCConfigurationList section */
		3FDFB46E2E84FFE300968610 /* Build configuration list for PBXProject "W03_Practice" */ = {
			isa = XCConfigurationList;
			buildConfigurations = (
				3FDFB4922E84FFE400968610 /* Debug */,
				3FDFB4932E84FFE400968610 /* Release */,
			);
			defaultConfigurationIsVisible = 0;
			defaultConfigurationName = Release;
		};
		3FDFB4942E84FFE400968610 /* Build configuration list for PBXNativeTarget "W03_Practice" */ = {
			isa = XCConfigurationList;
			buildConfigurations = (
				3FDFB4952E84FFE400968610 /* Debug */,
				3FDFB4962E84FFE400968610 /* Release */,
			);
			defaultConfigurationIsVisible = 0;
			defaultConfigurationName = Release;
		};
		3FDFB4972E84FFE400968610 /* Build configuration list for PBXNativeTarget "W03_PracticeTests" */ = {
			isa = XCConfigurationList;
			buildConfigurations = (
				3FDFB4982E84FFE400968610 /* Debug */,
				3FDFB4992E84FFE400968610 /* Release */,
			);
			defaultConfigurationIsVisible = 0;
			defaultConfigurationName = Release;
		};
		3FDFB49A2E84FFE400968610 /* Build configuration list for PBXNativeTarget "W03_PracticeUITests" */ = {
			isa = XCConfigurationList;
			buildConfigurations = (
				3FDFB49B2E84FFE400968610 /* Debug */,
				3FDFB49C2E84FFE400968610 /* Release */,
			);
			defaultConfigurationIsVisible = 0;
			defaultConfigurationName = Release;
		};
/* End XCConfigurationList section */
	};
	rootObject = 3FDFB46B2E84FFE300968610 /* Project object */;
}
