// !$*UTF8*$!
{
	archiveVersion = 1;
	classes = {
	};
	objectVersion = 77;
	objects = {

/* Begin PBXContainerItemProxy section */
		3FFDA4452E8E3B340092C7F6 /* PBXContainerItemProxy */ = {
			isa = PBXContainerItemProxy;
			containerPortal = 3FFDA42F2E8E3B320092C7F6 /* Project object */;
			proxyType = 1;
			remoteGlobalIDString = 3FFDA4362E8E3B320092C7F6;
			remoteInfo = W04_ClassAssignment;
		};
		3FFDA44F2E8E3B340092C7F6 /* PBXContainerItemProxy */ = {
			isa = PBXContainerItemProxy;
			containerPortal = 3FFDA42F2E8E3B320092C7F6 /* Project object */;
			proxyType = 1;
			remoteGlobalIDString = 3FFDA4362E8E3B320092C7F6;
			remoteInfo = W04_ClassAssignment;
		};
/* End PBXContainerItemProxy section */

/* Begin PBXFileReference section */
		3FFDA4372E8E3B320092C7F6 /* W04_ClassAssignment.app */ = {isa = PBXFileReference; explicitFileType = wrapper.application; includeInIndex = 0; path = W04_ClassAssignment.app; sourceTree = BUILT_PRODUCTS_DIR; };
		3FFDA4442E8E3B340092C7F6 /* W04_ClassAssignmentTests.xctest */ = {isa = PBXFileReference; explicitFileType = wrapper.cfbundle; includeInIndex = 0; path = W04_ClassAssignmentTests.xctest; sourceTree = BUILT_PRODUCTS_DIR; };
		3FFDA44E2E8E3B340092C7F6 /* W04_ClassAssignmentUITests.xctest */ = {isa = PBXFileReference; explicitFileType = wrapper.cfbundle; includeInIndex = 0; path = W04_ClassAssignmentUITests.xctest; sourceTree = BUILT_PRODUCTS_DIR; };
/* End PBXFileReference section */

/* Begin PBXFileSystemSynchronizedRootGroup section */
		3FFDA4392E8E3B320092C7F6 /* W04_ClassAssignment */ = {
			isa = PBXFileSystemSynchronizedRootGroup;
			path = W04_ClassAssignment;
			sourceTree = "<group>";
		};
		3FFDA4472E8E3B340092C7F6 /* W04_ClassAssignmentTests */ = {
			isa = PBXFileSystemSynchronizedRootGroup;
			path = W04_ClassAssignmentTests;
			sourceTree = "<group>";
		};
		3FFDA4512E8E3B340092C7F6 /* W04_ClassAssignmentUITests */ = {
			isa = PBXFileSystemSynchronizedRootGroup;
			path = W04_ClassAssignmentUITests;
			sourceTree = "<group>";
		};
/* End PBXFileSystemSynchronizedRootGroup section */

/* Begin PBXFrameworksBuildPhase section */
		3FFDA4342E8E3B320092C7F6 /* Frameworks */ = {
			isa = PBXFrameworksBuildPhase;
			buildActionMask = 2147483647;
			files = (
			);
			runOnlyForDeploymentPostprocessing = 0;
		};
		3FFDA4412E8E3B340092C7F6 /* Frameworks */ = {
			isa = PBXFrameworksBuildPhase;
			buildActionMask = 2147483647;
			files = (
			);
			runOnlyForDeploymentPostprocessing = 0;
		};
		3FFDA44B2E8E3B340092C7F6 /* Frameworks */ = {
			isa = PBXFrameworksBuildPhase;
			buildActionMask = 2147483647;
			files = (
			);
			runOnlyForDeploymentPostprocessing = 0;
		};
/* End PBXFrameworksBuildPhase section */

/* Begin PBXGroup section */
		3FFDA42E2E8E3B320092C7F6 = {
			isa = PBXGroup;
			children = (
				3FFDA4392E8E3B320092C7F6 /* W04_ClassAssignment */,
				3FFDA4472E8E3B340092C7F6 /* W04_ClassAssignmentTests */,
				3FFDA4512E8E3B340092C7F6 /* W04_ClassAssignmentUITests */,
				3FFDA4382E8E3B320092C7F6 /* Products */,
			);
			sourceTree = "<group>";
		};
		3FFDA4382E8E3B320092C7F6 /* Products */ = {
			isa = PBXGroup;
			children = (
				3FFDA4372E8E3B320092C7F6 /* W04_ClassAssignment.app */,
				3FFDA4442E8E3B340092C7F6 /* W04_ClassAssignmentTests.xctest */,
				3FFDA44E2E8E3B340092C7F6 /* W04_ClassAssignmentUITests.xctest */,
			);
			name = Products;
			sourceTree = "<group>";
		};
/* End PBXGroup section */

/* Begin PBXNativeTarget section */
		3FFDA4362E8E3B320092C7F6 /* W04_ClassAssignment */ = {
			isa = PBXNativeTarget;
			buildConfigurationList = 3FFDA4582E8E3B340092C7F6 /* Build configuration list for PBXNativeTarget "W04_ClassAssignment" */;
			buildPhases = (
				3FFDA4332E8E3B320092C7F6 /* Sources */,
				3FFDA4342E8E3B320092C7F6 /* Frameworks */,
				3FFDA4352E8E3B320092C7F6 /* Resources */,
			);
			buildRules = (
			);
			dependencies = (
			);
			fileSystemSynchronizedGroups = (
				3FFDA4392E8E3B320092C7F6 /* W04_ClassAssignment */,
			);
			name = W04_ClassAssignment;
			packageProductDependencies = (
			);
			productName = W04_ClassAssignment;
			productReference = 3FFDA4372E8E3B320092C7F6 /* W04_ClassAssignment.app */;
			productType = "com.apple.product-type.application";
		};
		3FFDA4432E8E3B340092C7F6 /* W04_ClassAssignmentTests */ = {
			isa = PBXNativeTarget;
			buildConfigurationList = 3FFDA45B2E8E3B340092C7F6 /* Build configuration list for PBXNativeTarget "W04_ClassAssignmentTests" */;
			buildPhases = (
				3FFDA4402E8E3B340092C7F6 /* Sources */,
				3FFDA4412E8E3B340092C7F6 /* Frameworks */,
				3FFDA4422E8E3B340092C7F6 /* Resources */,
			);
			buildRules = (
			);
			dependencies = (
				3FFDA4462E8E3B340092C7F6 /* PBXTargetDependency */,
			);
			fileSystemSynchronizedGroups = (
				3FFDA4472E8E3B340092C7F6 /* W04_ClassAssignmentTests */,
			);
			name = W04_ClassAssignmentTests;
			packageProductDependencies = (
			);
			productName = W04_ClassAssignmentTests;
			productReference = 3FFDA4442E8E3B340092C7F6 /* W04_ClassAssignmentTests.xctest */;
			productType = "com.apple.product-type.bundle.unit-test";
		};
		3FFDA44D2E8E3B340092C7F6 /* W04_ClassAssignmentUITests */ = {
			isa = PBXNativeTarget;
			buildConfigurationList = 3FFDA45E2E8E3B340092C7F6 /* Build configuration list for PBXNativeTarget "W04_ClassAssignmentUITests" */;
			buildPhases = (
				3FFDA44A2E8E3B340092C7F6 /* Sources */,
				3FFDA44B2E8E3B340092C7F6 /* Frameworks */,
				3FFDA44C2E8E3B340092C7F6 /* Resources */,
			);
			buildRules = (
			);
			dependencies = (
				3FFDA4502E8E3B340092C7F6 /* PBXTargetDependency */,
			);
			fileSystemSynchronizedGroups = (
				3FFDA4512E8E3B340092C7F6 /* W04_ClassAssignmentUITests */,
			);
			name = W04_ClassAssignmentUITests;
			packageProductDependencies = (
			);
			productName = W04_ClassAssignmentUITests;
			productReference = 3FFDA44E2E8E3B340092C7F6 /* W04_ClassAssignmentUITests.xctest */;
			productType = "com.apple.product-type.bundle.ui-testing";
		};
/* End PBXNativeTarget section */

/* Begin PBXProject section */
		3FFDA42F2E8E3B320092C7F6 /* Project object */ = {
			isa = PBXProject;
			attributes = {
				BuildIndependentTargetsInParallel = 1;
				LastSwiftUpdateCheck = 1640;
				LastUpgradeCheck = 1640;
				TargetAttributes = {
					3FFDA4362E8E3B320092C7F6 = {
						CreatedOnToolsVersion = 16.4;
					};
					3FFDA4432E8E3B340092C7F6 = {
						CreatedOnToolsVersion = 16.4;
						TestTargetID = 3FFDA4362E8E3B320092C7F6;
					};
					3FFDA44D2E8E3B340092C7F6 = {
						CreatedOnToolsVersion = 16.4;
						TestTargetID = 3FFDA4362E8E3B320092C7F6;
					};
				};
			};
			buildConfigurationList = 3FFDA4322E8E3B320092C7F6 /* Build configuration list for PBXProject "W04_ClassAssignment" */;
			developmentRegion = en;
			hasScannedForEncodings = 0;
			knownRegions = (
				en,
				Base,
			);
			mainGroup = 3FFDA42E2E8E3B320092C7F6;
			minimizedProjectReferenceProxies = 1;
			preferredProjectObjectVersion = 77;
			productRefGroup = 3FFDA4382E8E3B320092C7F6 /* Products */;
			projectDirPath = "";
			projectRoot = "";
			targets = (
				3FFDA4362E8E3B320092C7F6 /* W04_ClassAssignment */,
				3FFDA4432E8E3B340092C7F6 /* W04_ClassAssignmentTests */,
				3FFDA44D2E8E3B340092C7F6 /* W04_ClassAssignmentUITests */,
			);
		};
/* End PBXProject section */

/* Begin PBXResourcesBuildPhase section */
		3FFDA4352E8E3B320092C7F6 /* Resources */ = {
			isa = PBXResourcesBuildPhase;
			buildActionMask = 2147483647;
			files = (
			);
			runOnlyForDeploymentPostprocessing = 0;
		};
		3FFDA4422E8E3B340092C7F6 /* Resources */ = {
			isa = PBXResourcesBuildPhase;
			buildActionMask = 2147483647;
			files = (
			);
			runOnlyForDeploymentPostprocessing = 0;
		};
		3FFDA44C2E8E3B340092C7F6 /* Resources */ = {
			isa = PBXResourcesBuildPhase;
			buildActionMask = 2147483647;
			files = (
			);
			runOnlyForDeploymentPostprocessing = 0;
		};
/* End PBXResourcesBuildPhase section */

/* Begin PBXSourcesBuildPhase section */
		3FFDA4332E8E3B320092C7F6 /* Sources */ = {
			isa = PBXSourcesBuildPhase;
			buildActionMask = 2147483647;
			files = (
			);
			runOnlyForDeploymentPostprocessing = 0;
		};
		3FFDA4402E8E3B340092C7F6 /* Sources */ = {
			isa = PBXSourcesBuildPhase;
			buildActionMask = 2147483647;
			files = (
			);
			runOnlyForDeploymentPostprocessing = 0;
		};
		3FFDA44A2E8E3B340092C7F6 /* Sources */ = {
			isa = PBXSourcesBuildPhase;
			buildActionMask = 2147483647;
			files = (
			);
			runOnlyForDeploymentPostprocessing = 0;
		};
/* End PBXSourcesBuildPhase section */

/* Begin PBXTargetDependency section */
		3FFDA4462E8E3B340092C7F6 /* PBXTargetDependency */ = {
			isa = PBXTargetDependency;
			target = 3FFDA4362E8E3B320092C7F6 /* W04_ClassAssignment */;
			targetProxy = 3FFDA4452E8E3B340092C7F6 /* PBXContainerItemProxy */;
		};
		3FFDA4502E8E3B340092C7F6 /* PBXTargetDependency */ = {
			isa = PBXTargetDependency;
			target = 3FFDA4362E8E3B320092C7F6 /* W04_ClassAssignment */;
			targetProxy = 3FFDA44F2E8E3B340092C7F6 /* PBXContainerItemProxy */;
		};
/* End PBXTargetDependency section */

/* Begin XCBuildConfiguration section */
		3FFDA4562E8E3B340092C7F6 /* Debug */ = {
			isa = XCBuildConfiguration;
			buildSettings = {
				ALWAYS_SEARCH_USER_PATHS = NO;
				ASSETCATALOG_COMPILER_GENERATE_SWIFT_ASSET_SYMBOL_EXTENSIONS = YES;
				CLANG_ANALYZER_NONNULL = YES;
				CLANG_ANALYZER_NUMBER_OBJECT_CONVERSION = YES_AGGRESSIVE;
				CLANG_CXX_LANGUAGE_STANDARD = "gnu++20";
				CLANG_ENABLE_MODULES = YES;
				CLANG_ENABLE_OBJC_ARC = YES;
				CLANG_ENABLE_OBJC_WEAK = YES;
				CLANG_WARN_BLOCK_CAPTURE_AUTORELEASING = YES;
				CLANG_WARN_BOOL_CONVERSION = YES;
				CLANG_WARN_COMMA = YES;
				CLANG_WARN_CONSTANT_CONVERSION = YES;
				CLANG_WARN_DEPRECATED_OBJC_IMPLEMENTATIONS = YES;
				CLANG_WARN_DIRECT_OBJC_ISA_USAGE = YES_ERROR;
				CLANG_WARN_DOCUMENTATION_COMMENTS = YES;
				CLANG_WARN_EMPTY_BODY = YES;
				CLANG_WARN_ENUM_CONVERSION = YES;
				CLANG_WARN_INFINITE_RECURSION = YES;
				CLANG_WARN_INT_CONVERSION = YES;
				CLANG_WARN_NON_LITERAL_NULL_CONVERSION = YES;
				CLANG_WARN_OBJC_IMPLICIT_RETAIN_SELF = YES;
				CLANG_WARN_OBJC_LITERAL_CONVERSION = YES;
				CLANG_WARN_OBJC_ROOT_CLASS = YES_ERROR;
				CLANG_WARN_QUOTED_INCLUDE_IN_FRAMEWORK_HEADER = YES;
				CLANG_WARN_RANGE_LOOP_ANALYSIS = YES;
				CLANG_WARN_STRICT_PROTOTYPES = YES;
				CLANG_WARN_SUSPICIOUS_MOVE = YES;
				CLANG_WARN_UNGUARDED_AVAILABILITY = YES_AGGRESSIVE;
				CLANG_WARN_UNREACHABLE_CODE = YES;
				CLANG_WARN__DUPLICATE_METHOD_MATCH = YES;
				COPY_PHASE_STRIP = NO;
				DEBUG_INFORMATION_FORMAT = dwarf;
				ENABLE_STRICT_OBJC_MSGSEND = YES;
				ENABLE_TESTABILITY = YES;
				ENABLE_USER_SCRIPT_SANDBOXING = YES;
				GCC_C_LANGUAGE_STANDARD = gnu17;
				GCC_DYNAMIC_NO_PIC = NO;
				GCC_NO_COMMON_BLOCKS = YES;
				GCC_OPTIMIZATION_LEVEL = 0;
				GCC_PREPROCESSOR_DEFINITIONS = (
					"DEBUG=1",
					"$(inherited)",
				);
				GCC_WARN_64_TO_32_BIT_CONVERSION = YES;
				GCC_WARN_ABOUT_RETURN_TYPE = YES_ERROR;
				GCC_WARN_UNDECLARED_SELECTOR = YES;
				GCC_WARN_UNINITIALIZED_AUTOS = YES_AGGRESSIVE;
				GCC_WARN_UNUSED_FUNCTION = YES;
				GCC_WARN_UNUSED_VARIABLE = YES;
				IPHONEOS_DEPLOYMENT_TARGET = 18.5;
				LOCALIZATION_PREFERS_STRING_CATALOGS = YES;
				MTL_ENABLE_DEBUG_INFO = INCLUDE_SOURCE;
				MTL_FAST_MATH = YES;
				ONLY_ACTIVE_ARCH = YES;
				SDKROOT = iphoneos;
				SWIFT_ACTIVE_COMPILATION_CONDITIONS = "DEBUG $(inherited)";
				SWIFT_OPTIMIZATION_LEVEL = "-Onone";
			};
			name = Debug;
		};
		3FFDA4572E8E3B340092C7F6 /* Release */ = {
			isa = XCBuildConfiguration;
			buildSettings = {
				ALWAYS_SEARCH_USER_PATHS = NO;
				ASSETCATALOG_COMPILER_GENERATE_SWIFT_ASSET_SYMBOL_EXTENSIONS = YES;
				CLANG_ANALYZER_NONNULL = YES;
				CLANG_ANALYZER_NUMBER_OBJECT_CONVERSION = YES_AGGRESSIVE;
				CLANG_CXX_LANGUAGE_STANDARD = "gnu++20";
				CLANG_ENABLE_MODULES = YES;
				CLANG_ENABLE_OBJC_ARC = YES;
				CLANG_ENABLE_OBJC_WEAK = YES;
				CLANG_WARN_BLOCK_CAPTURE_AUTORELEASING = YES;
				CLANG_WARN_BOOL_CONVERSION = YES;
				CLANG_WARN_COMMA = YES;
				CLANG_WARN_CONSTANT_CONVERSION = YES;
				CLANG_WARN_DEPRECATED_OBJC_IMPLEMENTATIONS = YES;
				CLANG_WARN_DIRECT_OBJC_ISA_USAGE = YES_ERROR;
				CLANG_WARN_DOCUMENTATION_COMMENTS = YES;
				CLANG_WARN_EMPTY_BODY = YES;
				CLANG_WARN_ENUM_CONVERSION = YES;
				CLANG_WARN_INFINITE_RECURSION = YES;
				CLANG_WARN_INT_CONVERSION = YES;
				CLANG_WARN_NON_LITERAL_NULL_CONVERSION = YES;
				CLANG_WARN_OBJC_IMPLICIT_RETAIN_SELF = YES;
				CLANG_WARN_OBJC_LITERAL_CONVERSION = YES;
				CLANG_WARN_OBJC_ROOT_CLASS = YES_ERROR;
				CLANG_WARN_QUOTED_INCLUDE_IN_FRAMEWORK_HEADER = YES;
				CLANG_WARN_RANGE_LOOP_ANALYSIS = YES;
				CLANG_WARN_STRICT_PROTOTYPES = YES;
				CLANG_WARN_SUSPICIOUS_MOVE = YES;
				CLANG_WARN_UNGUARDED_AVAILABILITY = YES_AGGRESSIVE;
				CLANG_WARN_UNREACHABLE_CODE = YES;
				CLANG_WARN__DUPLICATE_METHOD_MATCH = YES;
				COPY_PHASE_STRIP = NO;
				DEBUG_INFORMATION_FORMAT = "dwarf-with-dsym";
				ENABLE_NS_ASSERTIONS = NO;
				ENABLE_STRICT_OBJC_MSGSEND = YES;
				ENABLE_USER_SCRIPT_SANDBOXING = YES;
				GCC_C_LANGUAGE_STANDARD = gnu17;
				GCC_NO_COMMON_BLOCKS = YES;
				GCC_WARN_64_TO_32_BIT_CONVERSION = YES;
				GCC_WARN_ABOUT_RETURN_TYPE = YES_ERROR;
				GCC_WARN_UNDECLARED_SELECTOR = YES;
				GCC_WARN_UNINITIALIZED_AUTOS = YES_AGGRESSIVE;
				GCC_WARN_UNUSED_FUNCTION = YES;
				GCC_WARN_UNUSED_VARIABLE = YES;
				IPHONEOS_DEPLOYMENT_TARGET = 18.5;
				LOCALIZATION_PREFERS_STRING_CATALOGS = YES;
				MTL_ENABLE_DEBUG_INFO = NO;
				MTL_FAST_MATH = YES;
				SDKROOT = iphoneos;
				SWIFT_COMPILATION_MODE = wholemodule;
				VALIDATE_PRODUCT = YES;
			};
			name = Release;
		};
		3FFDA4592E8E3B340092C7F6 /* Debug */ = {
			isa = XCBuildConfiguration;
			buildSettings = {
				ASSETCATALOG_COMPILER_APPICON_NAME = AppIcon;
				ASSETCATALOG_COMPILER_GLOBAL_ACCENT_COLOR_NAME = AccentColor;
				CODE_SIGN_STYLE = Automatic;
				CURRENT_PROJECT_VERSION = 1;
				ENABLE_PREVIEWS = YES;
				GENERATE_INFOPLIST_FILE = YES;
				INFOPLIST_KEY_UIApplicationSceneManifest_Generation = YES;
				INFOPLIST_KEY_UIApplicationSupportsIndirectInputEvents = YES;
				INFOPLIST_KEY_UILaunchScreen_Generation = YES;
				INFOPLIST_KEY_UISupportedInterfaceOrientations_iPad = "UIInterfaceOrientationPortrait UIInterfaceOrientationPortraitUpsideDown UIInterfaceOrientationLandscapeLeft UIInterfaceOrientationLandscapeRight";
				INFOPLIST_KEY_UISupportedInterfaceOrientations_iPhone = "UIInterfaceOrientationPortrait UIInterfaceOrientationLandscapeLeft UIInterfaceOrientationLandscapeRight";
				LD_RUNPATH_SEARCH_PATHS = (
					"$(inherited)",
					"@executable_path/Frameworks",
				);
				MARKETING_VERSION = 1.0;
				PRODUCT_BUNDLE_IDENTIFIER = "UC.W04-ClassAssignment";
				PRODUCT_NAME = "$(TARGET_NAME)";
				SWIFT_EMIT_LOC_STRINGS = YES;
				SWIFT_VERSION = 5.0;
				TARGETED_DEVICE_FAMILY = "1,2";
			};
			name = Debug;
		};
		3FFDA45A2E8E3B340092C7F6 /* Release */ = {
			isa = XCBuildConfiguration;
			buildSettings = {
				ASSETCATALOG_COMPILER_APPICON_NAME = AppIcon;
				ASSETCATALOG_COMPILER_GLOBAL_ACCENT_COLOR_NAME = AccentColor;
				CODE_SIGN_STYLE = Automatic;
				CURRENT_PROJECT_VERSION = 1;
				ENABLE_PREVIEWS = YES;
				GENERATE_INFOPLIST_FILE = YES;
				INFOPLIST_KEY_UIApplicationSceneManifest_Generation = YES;
				INFOPLIST_KEY_UIApplicationSupportsIndirectInputEvents = YES;
				INFOPLIST_KEY_UILaunchScreen_Generation = YES;
				INFOPLIST_KEY_UISupportedInterfaceOrientations_iPad = "UIInterfaceOrientationPortrait UIInterfaceOrientationPortraitUpsideDown UIInterfaceOrientationLandscapeLeft UIInterfaceOrientationLandscapeRight";
				INFOPLIST_KEY_UISupportedInterfaceOrientations_iPhone = "UIInterfaceOrientationPortrait UIInterfaceOrientationLandscapeLeft UIInterfaceOrientationLandscapeRight";
				LD_RUNPATH_SEARCH_PATHS = (
					"$(inherited)",
					"@executable_path/Frameworks",
				);
				MARKETING_VERSION = 1.0;
				PRODUCT_BUNDLE_IDENTIFIER = "UC.W04-ClassAssignment";
				PRODUCT_NAME = "$(TARGET_NAME)";
				SWIFT_EMIT_LOC_STRINGS = YES;
				SWIFT_VERSION = 5.0;
				TARGETED_DEVICE_FAMILY = "1,2";
			};
			name = Release;
		};
		3FFDA45C2E8E3B340092C7F6 /* Debug */ = {
			isa = XCBuildConfiguration;
			buildSettings = {
				BUNDLE_LOADER = "$(TEST_HOST)";
				CODE_SIGN_STYLE = Automatic;
				CURRENT_PROJECT_VERSION = 1;
				GENERATE_INFOPLIST_FILE = YES;
				IPHONEOS_DEPLOYMENT_TARGET = 18.5;
				MARKETING_VERSION = 1.0;
				PRODUCT_BUNDLE_IDENTIFIER = "UC.W04-ClassAssignmentTests";
				PRODUCT_NAME = "$(TARGET_NAME)";
				SWIFT_EMIT_LOC_STRINGS = NO;
				SWIFT_VERSION = 5.0;
				TARGETED_DEVICE_FAMILY = "1,2";
				TEST_HOST = "$(BUILT_PRODUCTS_DIR)/W04_ClassAssignment.app/$(BUNDLE_EXECUTABLE_FOLDER_PATH)/W04_ClassAssignment";
			};
			name = Debug;
		};
		3FFDA45D2E8E3B340092C7F6 /* Release */ = {
			isa = XCBuildConfiguration;
			buildSettings = {
				BUNDLE_LOADER = "$(TEST_HOST)";
				CODE_SIGN_STYLE = Automatic;
				CURRENT_PROJECT_VERSION = 1;
				GENERATE_INFOPLIST_FILE = YES;
				IPHONEOS_DEPLOYMENT_TARGET = 18.5;
				MARKETING_VERSION = 1.0;
				PRODUCT_BUNDLE_IDENTIFIER = "UC.W04-ClassAssignmentTests";
				PRODUCT_NAME = "$(TARGET_NAME)";
				SWIFT_EMIT_LOC_STRINGS = NO;
				SWIFT_VERSION = 5.0;
				TARGETED_DEVICE_FAMILY = "1,2";
				TEST_HOST = "$(BUILT_PRODUCTS_DIR)/W04_ClassAssignment.app/$(BUNDLE_EXECUTABLE_FOLDER_PATH)/W04_ClassAssignment";
			};
			name = Release;
		};
		3FFDA45F2E8E3B340092C7F6 /* Debug */ = {
			isa = XCBuildConfiguration;
			buildSettings = {
				CODE_SIGN_STYLE = Automatic;
				CURRENT_PROJECT_VERSION = 1;
				GENERATE_INFOPLIST_FILE = YES;
				MARKETING_VERSION = 1.0;
				PRODUCT_BUNDLE_IDENTIFIER = "UC.W04-ClassAssignmentUITests";
				PRODUCT_NAME = "$(TARGET_NAME)";
				SWIFT_EMIT_LOC_STRINGS = NO;
				SWIFT_VERSION = 5.0;
				TARGETED_DEVICE_FAMILY = "1,2";
				TEST_TARGET_NAME = W04_ClassAssignment;
			};
			name = Debug;
		};
		3FFDA4602E8E3B340092C7F6 /* Release */ = {
			isa = XCBuildConfiguration;
			buildSettings = {
				CODE_SIGN_STYLE = Automatic;
				CURRENT_PROJECT_VERSION = 1;
				GENERATE_INFOPLIST_FILE = YES;
				MARKETING_VERSION = 1.0;
				PRODUCT_BUNDLE_IDENTIFIER = "UC.W04-ClassAssignmentUITests";
				PRODUCT_NAME = "$(TARGET_NAME)";
				SWIFT_EMIT_LOC_STRINGS = NO;
				SWIFT_VERSION = 5.0;
				TARGETED_DEVICE_FAMILY = "1,2";
				TEST_TARGET_NAME = W04_ClassAssignment;
			};
			name = Release;
		};
/* End XCBuildConfiguration section */

/* Begin XCConfigurationList section */
		3FFDA4322E8E3B320092C7F6 /* Build configuration list for PBXProject "W04_ClassAssignment" */ = {
			isa = XCConfigurationList;
			buildConfigurations = (
				3FFDA4562E8E3B340092C7F6 /* Debug */,
				3FFDA4572E8E3B340092C7F6 /* Release */,
			);
			defaultConfigurationIsVisible = 0;
			defaultConfigurationName = Release;
		};
		3FFDA4582E8E3B340092C7F6 /* Build configuration list for PBXNativeTarget "W04_ClassAssignment" */ = {
			isa = XCConfigurationList;
			buildConfigurations = (
				3FFDA4592E8E3B340092C7F6 /* Debug */,
				3FFDA45A2E8E3B340092C7F6 /* Release */,
			);
			defaultConfigurationIsVisible = 0;
			defaultConfigurationName = Release;
		};
		3FFDA45B2E8E3B340092C7F6 /* Build configuration list for PBXNativeTarget "W04_ClassAssignmentTests" */ = {
			isa = XCConfigurationList;
			buildConfigurations = (
				3FFDA45C2E8E3B340092C7F6 /* Debug */,
				3FFDA45D2E8E3B340092C7F6 /* Release */,
			);
			defaultConfigurationIsVisible = 0;
			defaultConfigurationName = Release;
		};
		3FFDA45E2E8E3B340092C7F6 /* Build configuration list for PBXNativeTarget "W04_ClassAssignmentUITests" */ = {
			isa = XCConfigurationList;
			buildConfigurations = (
				3FFDA45F2E8E3B340092C7F6 /* Debug */,
				3FFDA4602E8E3B340092C7F6 /* Release */,
			);
			defaultConfigurationIsVisible = 0;
			defaultConfigurationName = Release;
		};
/* End XCConfigurationList section */
	};
	rootObject = 3FFDA42F2E8E3B320092C7F6 /* Project object */;
}
